{
  "version": 4,
  "terraform_version": "1.10.2",
  "serial": 18,
  "lineage": "e18234bc-d01e-3edd-e8ec-58bb9ea4e72a",
  "outputs": {
    "cloud_sql_connection_name": {
      "value": "advance-engine-444818-p0:asia-northeast3:mysql-instance",
      "type": "string"
    },
    "cloud_sql_database_name": {
      "value": "mydatabase",
      "type": "string"
    },
    "cloud_sql_instance_connection_name": {
      "value": "advance-engine-444818-p0:asia-northeast3:mysql-instance",
      "type": "string"
    },
    "cloud_sql_instance_name": {
      "value": "mysql-instance",
      "type": "string"
    },
    "cloud_sql_user": {
      "value": "api_user",
      "type": "string"
    },
    "gke_cluster_ca_certificate": {
      "value": "LS0tLS1CRUdJTiBDRVJUSUZJQ0FURS0tLS0tCk1JSUVMVENDQXBXZ0F3SUJBZ0lSQUxxdENpVUUwOW9vUUdKQnZuSUxqU3N3RFFZSktvWklodmNOQVFFTEJRQXcKTHpFdE1Dc0dBMVVFQXhNa04yWXlZemhoTUdZdE56ZzNNUzAwWVdFd0xXSmlNbVV0T1Rrd01qZGhOamt4WVRZeApNQ0FYRFRJME1USXhOakV5TVRRd09Wb1lEekl3TlRReE1qQTVNVE14TkRBNVdqQXZNUzB3S3dZRFZRUURFeVEzClpqSmpPR0V3WmkwM09EY3hMVFJoWVRBdFltSXlaUzA1T1RBeU4yRTJPVEZoTmpFd2dnR2lNQTBHQ1NxR1NJYjMKRFFFQkFRVUFBNElCandBd2dnR0tBb0lCZ1FEalczdHFjNVNTM1JkY0hSL1FVQjJJcW55WmtpZEU4d0tCUURWagpTL1BLMkErUlV6d0IrWldlbFoyd001WStzK3JGQUtUSXViSDNheW1sUmpqSG16RTV3SU42V0xyLzFacjJoa21vCnFxNktya2t6NzlBYTNocXF6Y1FMd0lseFJYd040bWM1cmxaSHJjZ3Y4MldzN3k0YlVUZGxZcDIxYlVrZ1ZHUWkKUTJsa2g1eWNkZTc4Q1p2bDRyVEJjS3JXVkRPQ0VWQXpHL0xTNEZvN3ZHaW1JNnorYU90ZE55MmovTzM3TTBVegpQWHlCSDNzV0h4ODhKZFpTZTBDSzlZK3p5VkNKaE5EQWdqTkdBNW55aDJwby96VVhRNEcvbmxPYld6Yk9tZUlxCnFKaDFlblQza3YvOTN3d1JMUDl4TzFnMytJa2YyUWw2T1NxcXZzR1lQSUladlVtVE95Y2poYzNpek5NamlwN08KaEtTOUM3amlQNWJpL0xTZjk1VXZoZWNacE4xWFE5dnFYUEsrd25LQ2xwbm5IaEtzTmFVc1BTZ3NiMURIRnQrNgpyNE9OelVvZ1BuRy9RSDROVEg0VzF3ZVBqd0dYWVV4N1BscUtsMFhoQVU0MUxocVRJcDdES2tNZkdWeXZjdHVCCmFGcnNmbmtEOXVySmZ5cElPMDdKdTlJWk1JVUNBd0VBQWFOQ01FQXdEZ1lEVlIwUEFRSC9CQVFEQWdJRU1BOEcKQTFVZEV3RUIvd1FGTUFNQkFmOHdIUVlEVlIwT0JCWUVGTjJDZGdkdWtKenNCRnU5cFN4aXZJbHFiNDRhTUEwRwpDU3FHU0liM0RRRUJDd1VBQTRJQmdRQTE4eXRJV1Qyc1VrcUxkTUV3QkZCMGQwV21QWGxuc3VIVzN3T1BRMVdoCjNDMERpRnhoT0kydW5SSXQ2U0dVeksyNnkzNmZuaGRMT3lGa2dPcC9WbzQxL3d5QU91dVFzdi9GY0F1VDJuZlkKN3h4cFNIcVF5SzhVUGJhUzBFZXhBVUEyR2pSaitLTVVBczFYL281R21xa0tMMWpGTG5pSjlYeENNU2RHODRxRApXZm9EREZJd3NaM3MySHhOcTBZZGRhVFUwTm9McGFQUXRFLzExNkJqcllFSExoSllhYmpTejNIczFBaHAvNHBPCjZKNCtiT0pOdndSUUh3YWRRTFdPMk5UTVpmZ1FBWnVUYytLNUVnaDJjeDRZMGVJMm9YemdVK0pUMitlcjF2RHgKTERNNkFncGNYQnFoRFdJa2I0Zm5KZ1hUWlYrMU9odU5xYTFmVHRVS0RRYWIyTTgyR2lBSnoyaGVNbmNOeW53awpXR25Kb1JXR3ErcmZRS0VCSmJtK2Y3QnRIeFBkNGV5Y0MzaVZKbW0vb2VHVzM0Tm5LNm5vRkZ5UWhKQnE4cFpDClpCa0s2dVhJNVpJWUdXQVRIdGsxQitZVUdPc0tSaEEzeHR2aGpDQjlvdTlhemdEbkxVQkdrVDA4ZUtlV2RMckcKVFlibzR2aVE4UXFTNE0zQmZLeUZQajA9Ci0tLS0tRU5EIENFUlRJRklDQVRFLS0tLS0K",
      "type": "string"
    },
    "gke_cluster_endpoint": {
      "value": "34.64.101.245",
      "type": "string"
    },
    "gke_cluster_name": {
      "value": "k8s-cluster",
      "type": "string"
    }
  },
  "resources": [
    {
      "mode": "managed",
      "type": "google_container_cluster",
      "name": "gke_cluster",
      "provider": "provider[\"registry.terraform.io/hashicorp/google\"]",
      "instances": [
        {
          "schema_version": 2,
          "attributes": {
            "addons_config": [
              {
                "cloudrun_config": [],
                "config_connector_config": [],
                "dns_cache_config": [],
                "gce_persistent_disk_csi_driver_config": [
                  {
                    "enabled": true
                  }
                ],
                "gcp_filestore_csi_driver_config": [],
                "gcs_fuse_csi_driver_config": [],
                "gke_backup_agent_config": [],
                "horizontal_pod_autoscaling": [],
                "http_load_balancing": [],
                "network_policy_config": [
                  {
                    "disabled": true
                  }
                ],
                "parallelstore_csi_driver_config": [],
                "ray_operator_config": [],
                "stateful_ha_config": []
              }
            ],
            "allow_net_admin": null,
            "authenticator_groups_config": [],
            "binary_authorization": [
              {
                "enabled": false,
                "evaluation_mode": ""
              }
            ],
            "cluster_autoscaling": [
              {
                "auto_provisioning_defaults": [],
                "auto_provisioning_locations": [],
                "autoscaling_profile": "BALANCED",
                "enabled": false,
                "resource_limits": []
              }
            ],
            "cluster_ipv4_cidr": "10.116.0.0/14",
            "confidential_nodes": [],
            "control_plane_endpoints_config": [
              {
                "dns_endpoint_config": [
                  {
                    "allow_external_traffic": false,
                    "endpoint": "gke-c605785c3be34aa3801e414826ac5d255b32-742103802757.asia-northeast3.gke.goog"
                  }
                ]
              }
            ],
            "cost_management_config": [],
            "database_encryption": [
              {
                "key_name": "",
                "state": "DECRYPTED"
              }
            ],
            "datapath_provider": "",
            "default_max_pods_per_node": 110,
            "default_snat_status": [
              {
                "disabled": false
              }
            ],
            "deletion_protection": false,
            "description": "",
            "dns_config": [],
            "effective_labels": {
              "goog-terraform-provisioned": "true"
            },
            "enable_autopilot": false,
            "enable_cilium_clusterwide_network_policy": false,
            "enable_intranode_visibility": false,
            "enable_k8s_beta_apis": [],
            "enable_kubernetes_alpha": false,
            "enable_l4_ilb_subsetting": false,
            "enable_legacy_abac": false,
            "enable_multi_networking": false,
            "enable_shielded_nodes": true,
            "enable_tpu": false,
            "endpoint": "34.64.101.245",
            "enterprise_config": [
              {
                "cluster_tier": "STANDARD",
                "desired_tier": ""
              }
            ],
            "fleet": [],
            "gateway_api_config": [],
            "id": "projects/advance-engine-444818-p0/locations/asia-northeast3/clusters/k8s-cluster",
            "identity_service_config": [],
            "initial_node_count": 1,
            "ip_allocation_policy": [
              {
                "additional_pod_ranges_config": [],
                "cluster_ipv4_cidr_block": "10.116.0.0/14",
                "cluster_secondary_range_name": "gke-k8s-cluster-pods-c605785c",
                "pod_cidr_overprovision_config": [
                  {
                    "disabled": false
                  }
                ],
                "services_ipv4_cidr_block": "34.118.224.0/20",
                "services_secondary_range_name": "",
                "stack_type": "IPV4"
              }
            ],
            "label_fingerprint": "78cdf2f6",
            "location": "asia-northeast3",
            "logging_config": [
              {
                "enable_components": [
                  "SYSTEM_COMPONENTS",
                  "WORKLOADS"
                ]
              }
            ],
            "logging_service": "logging.googleapis.com/kubernetes",
            "maintenance_policy": [],
            "master_auth": [
              {
                "client_certificate": "",
                "client_certificate_config": [
                  {
                    "issue_client_certificate": false
                  }
                ],
                "client_key": "",
                "cluster_ca_certificate": "LS0tLS1CRUdJTiBDRVJUSUZJQ0FURS0tLS0tCk1JSUVMVENDQXBXZ0F3SUJBZ0lSQUxxdENpVUUwOW9vUUdKQnZuSUxqU3N3RFFZSktvWklodmNOQVFFTEJRQXcKTHpFdE1Dc0dBMVVFQXhNa04yWXlZemhoTUdZdE56ZzNNUzAwWVdFd0xXSmlNbVV0T1Rrd01qZGhOamt4WVRZeApNQ0FYRFRJME1USXhOakV5TVRRd09Wb1lEekl3TlRReE1qQTVNVE14TkRBNVdqQXZNUzB3S3dZRFZRUURFeVEzClpqSmpPR0V3WmkwM09EY3hMVFJoWVRBdFltSXlaUzA1T1RBeU4yRTJPVEZoTmpFd2dnR2lNQTBHQ1NxR1NJYjMKRFFFQkFRVUFBNElCandBd2dnR0tBb0lCZ1FEalczdHFjNVNTM1JkY0hSL1FVQjJJcW55WmtpZEU4d0tCUURWagpTL1BLMkErUlV6d0IrWldlbFoyd001WStzK3JGQUtUSXViSDNheW1sUmpqSG16RTV3SU42V0xyLzFacjJoa21vCnFxNktya2t6NzlBYTNocXF6Y1FMd0lseFJYd040bWM1cmxaSHJjZ3Y4MldzN3k0YlVUZGxZcDIxYlVrZ1ZHUWkKUTJsa2g1eWNkZTc4Q1p2bDRyVEJjS3JXVkRPQ0VWQXpHL0xTNEZvN3ZHaW1JNnorYU90ZE55MmovTzM3TTBVegpQWHlCSDNzV0h4ODhKZFpTZTBDSzlZK3p5VkNKaE5EQWdqTkdBNW55aDJwby96VVhRNEcvbmxPYld6Yk9tZUlxCnFKaDFlblQza3YvOTN3d1JMUDl4TzFnMytJa2YyUWw2T1NxcXZzR1lQSUladlVtVE95Y2poYzNpek5NamlwN08KaEtTOUM3amlQNWJpL0xTZjk1VXZoZWNacE4xWFE5dnFYUEsrd25LQ2xwbm5IaEtzTmFVc1BTZ3NiMURIRnQrNgpyNE9OelVvZ1BuRy9RSDROVEg0VzF3ZVBqd0dYWVV4N1BscUtsMFhoQVU0MUxocVRJcDdES2tNZkdWeXZjdHVCCmFGcnNmbmtEOXVySmZ5cElPMDdKdTlJWk1JVUNBd0VBQWFOQ01FQXdEZ1lEVlIwUEFRSC9CQVFEQWdJRU1BOEcKQTFVZEV3RUIvd1FGTUFNQkFmOHdIUVlEVlIwT0JCWUVGTjJDZGdkdWtKenNCRnU5cFN4aXZJbHFiNDRhTUEwRwpDU3FHU0liM0RRRUJDd1VBQTRJQmdRQTE4eXRJV1Qyc1VrcUxkTUV3QkZCMGQwV21QWGxuc3VIVzN3T1BRMVdoCjNDMERpRnhoT0kydW5SSXQ2U0dVeksyNnkzNmZuaGRMT3lGa2dPcC9WbzQxL3d5QU91dVFzdi9GY0F1VDJuZlkKN3h4cFNIcVF5SzhVUGJhUzBFZXhBVUEyR2pSaitLTVVBczFYL281R21xa0tMMWpGTG5pSjlYeENNU2RHODRxRApXZm9EREZJd3NaM3MySHhOcTBZZGRhVFUwTm9McGFQUXRFLzExNkJqcllFSExoSllhYmpTejNIczFBaHAvNHBPCjZKNCtiT0pOdndSUUh3YWRRTFdPMk5UTVpmZ1FBWnVUYytLNUVnaDJjeDRZMGVJMm9YemdVK0pUMitlcjF2RHgKTERNNkFncGNYQnFoRFdJa2I0Zm5KZ1hUWlYrMU9odU5xYTFmVHRVS0RRYWIyTTgyR2lBSnoyaGVNbmNOeW53awpXR25Kb1JXR3ErcmZRS0VCSmJtK2Y3QnRIeFBkNGV5Y0MzaVZKbW0vb2VHVzM0Tm5LNm5vRkZ5UWhKQnE4cFpDClpCa0s2dVhJNVpJWUdXQVRIdGsxQitZVUdPc0tSaEEzeHR2aGpDQjlvdTlhemdEbkxVQkdrVDA4ZUtlV2RMckcKVFlibzR2aVE4UXFTNE0zQmZLeUZQajA9Ci0tLS0tRU5EIENFUlRJRklDQVRFLS0tLS0K"
              }
            ],
            "master_authorized_networks_config": [
              {
                "cidr_blocks": [],
                "gcp_public_cidrs_access_enabled": false,
                "private_endpoint_enforcement_enabled": true
              }
            ],
            "master_version": "1.30.6-gke.1125000",
            "mesh_certificates": [],
            "min_master_version": null,
            "monitoring_config": [
              {
                "advanced_datapath_observability_config": [
                  {
                    "enable_metrics": false,
                    "enable_relay": false
                  }
                ],
                "enable_components": [
                  "SYSTEM_COMPONENTS",
                  "POD",
                  "DAEMONSET",
                  "DEPLOYMENT",
                  "STATEFULSET",
                  "STORAGE",
                  "HPA",
                  "CADVISOR",
                  "KUBELET"
                ],
                "managed_prometheus": [
                  {
                    "enabled": true
                  }
                ]
              }
            ],
            "monitoring_service": "monitoring.googleapis.com/kubernetes",
            "name": "k8s-cluster",
            "network": "projects/advance-engine-444818-p0/global/networks/default",
            "network_policy": [
              {
                "enabled": false,
                "provider": "PROVIDER_UNSPECIFIED"
              }
            ],
            "networking_mode": "VPC_NATIVE",
            "node_config": [
              {
                "advanced_machine_features": [],
                "boot_disk_kms_key": "",
                "confidential_nodes": [],
                "containerd_config": [],
                "disk_size_gb": 100,
                "disk_type": "pd-balanced",
                "effective_taints": [],
                "enable_confidential_storage": false,
                "ephemeral_storage_local_ssd_config": [],
                "fast_socket": [],
                "gcfs_config": [],
                "guest_accelerator": [],
                "gvnic": [],
                "host_maintenance_policy": [],
                "image_type": "COS_CONTAINERD",
                "kubelet_config": [
                  {
                    "cpu_cfs_quota": false,
                    "cpu_cfs_quota_period": "",
                    "cpu_manager_policy": "",
                    "insecure_kubelet_readonly_port_enabled": "TRUE",
                    "pod_pids_limit": 0
                  }
                ],
                "labels": {},
                "linux_node_config": [],
                "local_nvme_ssd_block_config": [],
                "local_ssd_count": 0,
                "local_ssd_encryption_mode": "",
                "logging_variant": "DEFAULT",
                "machine_type": "e2-medium",
                "metadata": {
                  "disable-legacy-endpoints": "true"
                },
                "min_cpu_platform": "",
                "node_group": "",
                "oauth_scopes": [
                  "https://www.googleapis.com/auth/devstorage.read_only",
                  "https://www.googleapis.com/auth/logging.write",
                  "https://www.googleapis.com/auth/monitoring",
                  "https://www.googleapis.com/auth/service.management.readonly",
                  "https://www.googleapis.com/auth/servicecontrol",
                  "https://www.googleapis.com/auth/trace.append"
                ],
                "preemptible": false,
                "reservation_affinity": [],
                "resource_labels": {},
                "resource_manager_tags": {},
                "secondary_boot_disks": [],
                "service_account": "default",
                "shielded_instance_config": [
                  {
                    "enable_integrity_monitoring": true,
                    "enable_secure_boot": false
                  }
                ],
                "sole_tenant_config": [],
                "spot": false,
                "storage_pools": [],
                "tags": [],
                "taint": [],
                "workload_metadata_config": []
              }
            ],
            "node_locations": [
              "asia-northeast3-a",
              "asia-northeast3-b",
              "asia-northeast3-c"
            ],
            "node_pool": [
              {
                "autoscaling": [],
                "initial_node_count": 1,
                "instance_group_urls": [
                  "https://www.googleapis.com/compute/v1/projects/advance-engine-444818-p0/zones/asia-northeast3-c/instanceGroupManagers/gke-k8s-cluster-default-pool-91ccd5cf-grp",
                  "https://www.googleapis.com/compute/v1/projects/advance-engine-444818-p0/zones/asia-northeast3-b/instanceGroupManagers/gke-k8s-cluster-default-pool-70fcff0a-grp",
                  "https://www.googleapis.com/compute/v1/projects/advance-engine-444818-p0/zones/asia-northeast3-a/instanceGroupManagers/gke-k8s-cluster-default-pool-5ed3e8c0-grp"
                ],
                "managed_instance_group_urls": [
                  "https://www.googleapis.com/compute/v1/projects/advance-engine-444818-p0/zones/asia-northeast3-c/instanceGroups/gke-k8s-cluster-default-pool-91ccd5cf-grp",
                  "https://www.googleapis.com/compute/v1/projects/advance-engine-444818-p0/zones/asia-northeast3-b/instanceGroups/gke-k8s-cluster-default-pool-70fcff0a-grp",
                  "https://www.googleapis.com/compute/v1/projects/advance-engine-444818-p0/zones/asia-northeast3-a/instanceGroups/gke-k8s-cluster-default-pool-5ed3e8c0-grp"
                ],
                "management": [
                  {
                    "auto_repair": true,
                    "auto_upgrade": true
                  }
                ],
                "max_pods_per_node": 110,
                "name": "default-pool",
                "name_prefix": "",
                "network_config": [
                  {
                    "additional_node_network_configs": [],
                    "additional_pod_network_configs": [],
                    "create_pod_range": false,
                    "enable_private_nodes": true,
                    "network_performance_config": [],
                    "pod_cidr_overprovision_config": [],
                    "pod_ipv4_cidr_block": "10.116.0.0/14",
                    "pod_range": "gke-k8s-cluster-pods-c605785c"
                  }
                ],
                "node_config": [
                  {
                    "advanced_machine_features": [],
                    "boot_disk_kms_key": "",
                    "confidential_nodes": [],
                    "containerd_config": [],
                    "disk_size_gb": 100,
                    "disk_type": "pd-balanced",
                    "effective_taints": [],
                    "enable_confidential_storage": false,
                    "ephemeral_storage_local_ssd_config": [],
                    "fast_socket": [],
                    "gcfs_config": [],
                    "guest_accelerator": [],
                    "gvnic": [],
                    "host_maintenance_policy": [],
                    "image_type": "COS_CONTAINERD",
                    "kubelet_config": [
                      {
                        "cpu_cfs_quota": false,
                        "cpu_cfs_quota_period": "",
                        "cpu_manager_policy": "",
                        "insecure_kubelet_readonly_port_enabled": "TRUE",
                        "pod_pids_limit": 0
                      }
                    ],
                    "labels": {},
                    "linux_node_config": [],
                    "local_nvme_ssd_block_config": [],
                    "local_ssd_count": 0,
                    "local_ssd_encryption_mode": "",
                    "logging_variant": "DEFAULT",
                    "machine_type": "e2-medium",
                    "metadata": {
                      "disable-legacy-endpoints": "true"
                    },
                    "min_cpu_platform": "",
                    "node_group": "",
                    "oauth_scopes": [
                      "https://www.googleapis.com/auth/devstorage.read_only",
                      "https://www.googleapis.com/auth/logging.write",
                      "https://www.googleapis.com/auth/monitoring",
                      "https://www.googleapis.com/auth/service.management.readonly",
                      "https://www.googleapis.com/auth/servicecontrol",
                      "https://www.googleapis.com/auth/trace.append"
                    ],
                    "preemptible": false,
                    "reservation_affinity": [],
                    "resource_labels": {},
                    "resource_manager_tags": {},
                    "secondary_boot_disks": [],
                    "service_account": "default",
                    "shielded_instance_config": [
                      {
                        "enable_integrity_monitoring": true,
                        "enable_secure_boot": false
                      }
                    ],
                    "sole_tenant_config": [],
                    "spot": false,
                    "storage_pools": [],
                    "tags": [],
                    "taint": [],
                    "workload_metadata_config": []
                  }
                ],
                "node_count": 1,
                "node_locations": [
                  "asia-northeast3-a",
                  "asia-northeast3-b",
                  "asia-northeast3-c"
                ],
                "placement_policy": [],
                "queued_provisioning": [],
                "upgrade_settings": [
                  {
                    "blue_green_settings": [],
                    "max_surge": 1,
                    "max_unavailable": 0,
                    "strategy": "SURGE"
                  }
                ],
                "version": "1.30.6-gke.1125000"
              }
            ],
            "node_pool_auto_config": [],
            "node_pool_defaults": [
              {
                "node_config_defaults": [
                  {
                    "containerd_config": [],
                    "gcfs_config": [],
                    "insecure_kubelet_readonly_port_enabled": "FALSE",
                    "logging_variant": "DEFAULT"
                  }
                ]
              }
            ],
            "node_version": "1.30.6-gke.1125000",
            "notification_config": [
              {
                "pubsub": [
                  {
                    "enabled": false,
                    "filter": [],
                    "topic": ""
                  }
                ]
              }
            ],
            "operation": null,
            "private_cluster_config": [
              {
                "enable_private_endpoint": false,
                "enable_private_nodes": true,
                "master_global_access_config": [
                  {
                    "enabled": false
                  }
                ],
                "master_ipv4_cidr_block": "",
                "peering_name": "",
                "private_endpoint": "10.178.0.26",
                "private_endpoint_subnetwork": "",
                "public_endpoint": "34.64.101.245"
              }
            ],
            "private_ipv6_google_access": "",
            "project": "advance-engine-444818-p0",
            "release_channel": [
              {
                "channel": "REGULAR"
              }
            ],
            "remove_default_node_pool": null,
            "resource_labels": null,
            "resource_usage_export_config": [],
            "secret_manager_config": [
              {
                "enabled": false
              }
            ],
            "security_posture_config": [
              {
                "mode": "BASIC",
                "vulnerability_mode": "VULNERABILITY_MODE_UNSPECIFIED"
              }
            ],
            "self_link": "https://container.googleapis.com/v1/projects/advance-engine-444818-p0/locations/asia-northeast3/clusters/k8s-cluster",
            "service_external_ips_config": [
              {
                "enabled": false
              }
            ],
            "services_ipv4_cidr": "34.118.224.0/20",
            "subnetwork": "projects/advance-engine-444818-p0/regions/asia-northeast3/subnetworks/default",
            "terraform_labels": {
              "goog-terraform-provisioned": "true"
            },
            "timeouts": null,
            "tpu_ipv4_cidr_block": "",
            "user_managed_keys_config": [],
            "vertical_pod_autoscaling": [],
            "workload_identity_config": []
          },
          "sensitive_attributes": [
            [
              {
                "type": "get_attr",
                "value": "master_auth"
              },
              {
                "type": "index",
                "value": {
                  "value": 0,
                  "type": "number"
                }
              },
              {
                "type": "get_attr",
                "value": "client_key"
              }
            ]
          ],
          "private": "eyJlMmJmYjczMC1lY2FhLTExZTYtOGY4OC0zNDM2M2JjN2M0YzAiOnsiY3JlYXRlIjoyNDAwMDAwMDAwMDAwLCJkZWxldGUiOjI0MDAwMDAwMDAwMDAsInJlYWQiOjI0MDAwMDAwMDAwMDAsInVwZGF0ZSI6MzYwMDAwMDAwMDAwMH0sInNjaGVtYV92ZXJzaW9uIjoiMiJ9"
        }
      ]
    },
    {
      "mode": "managed",
      "type": "google_container_node_pool",
      "name": "primary_nodes",
      "provider": "provider[\"registry.terraform.io/hashicorp/google\"]",
      "instances": [
        {
          "schema_version": 1,
          "attributes": {
            "autoscaling": [],
            "cluster": "k8s-cluster",
            "id": "projects/advance-engine-444818-p0/locations/asia-northeast3/clusters/k8s-cluster/nodePools/primary-nodes",
            "initial_node_count": 1,
            "instance_group_urls": [
              "https://www.googleapis.com/compute/v1/projects/advance-engine-444818-p0/zones/asia-northeast3-c/instanceGroupManagers/gke-k8s-cluster-primary-nodes-1c0b0464-grp",
              "https://www.googleapis.com/compute/v1/projects/advance-engine-444818-p0/zones/asia-northeast3-b/instanceGroupManagers/gke-k8s-cluster-primary-nodes-e28428ef-grp",
              "https://www.googleapis.com/compute/v1/projects/advance-engine-444818-p0/zones/asia-northeast3-a/instanceGroupManagers/gke-k8s-cluster-primary-nodes-b4ca3464-grp"
            ],
            "location": "asia-northeast3",
            "managed_instance_group_urls": [
              "https://www.googleapis.com/compute/v1/projects/advance-engine-444818-p0/zones/asia-northeast3-c/instanceGroups/gke-k8s-cluster-primary-nodes-1c0b0464-grp",
              "https://www.googleapis.com/compute/v1/projects/advance-engine-444818-p0/zones/asia-northeast3-b/instanceGroups/gke-k8s-cluster-primary-nodes-e28428ef-grp",
              "https://www.googleapis.com/compute/v1/projects/advance-engine-444818-p0/zones/asia-northeast3-a/instanceGroups/gke-k8s-cluster-primary-nodes-b4ca3464-grp"
            ],
            "management": [
              {
                "auto_repair": true,
                "auto_upgrade": true
              }
            ],
            "max_pods_per_node": 110,
            "name": "primary-nodes",
            "name_prefix": "",
            "network_config": [
              {
                "additional_node_network_configs": [],
                "additional_pod_network_configs": [],
                "create_pod_range": false,
                "enable_private_nodes": true,
                "network_performance_config": [],
                "pod_cidr_overprovision_config": [],
                "pod_ipv4_cidr_block": "10.116.0.0/14",
                "pod_range": "gke-k8s-cluster-pods-c605785c"
              }
            ],
            "node_config": [
              {
                "advanced_machine_features": [],
                "boot_disk_kms_key": "",
                "confidential_nodes": [],
                "containerd_config": [],
                "disk_size_gb": 20,
                "disk_type": "pd-balanced",
                "effective_taints": [],
                "enable_confidential_storage": false,
                "ephemeral_storage_local_ssd_config": [],
                "fast_socket": [],
                "gcfs_config": [],
                "guest_accelerator": [],
                "gvnic": [],
                "host_maintenance_policy": [],
                "image_type": "COS_CONTAINERD",
                "kubelet_config": [
                  {
                    "cpu_cfs_quota": false,
                    "cpu_cfs_quota_period": "",
                    "cpu_manager_policy": "",
                    "insecure_kubelet_readonly_port_enabled": "TRUE",
                    "pod_pids_limit": 0
                  }
                ],
                "labels": {},
                "linux_node_config": [],
                "local_nvme_ssd_block_config": [],
                "local_ssd_count": 0,
                "local_ssd_encryption_mode": "",
                "logging_variant": "DEFAULT",
                "machine_type": "e2-medium",
                "metadata": {
                  "disable-legacy-endpoints": "true"
                },
                "min_cpu_platform": "",
                "node_group": "",
                "oauth_scopes": [
                  "https://www.googleapis.com/auth/cloud-platform"
                ],
                "preemptible": false,
                "reservation_affinity": [],
                "resource_labels": null,
                "resource_manager_tags": null,
                "secondary_boot_disks": [],
                "service_account": "default",
                "shielded_instance_config": [
                  {
                    "enable_integrity_monitoring": true,
                    "enable_secure_boot": true
                  }
                ],
                "sole_tenant_config": [],
                "spot": false,
                "storage_pools": null,
                "tags": [
                  "no-external-ip"
                ],
                "taint": [],
                "workload_metadata_config": []
              }
            ],
            "node_count": 1,
            "node_locations": [
              "asia-northeast3-a",
              "asia-northeast3-b",
              "asia-northeast3-c"
            ],
            "operation": null,
            "placement_policy": [],
            "project": "advance-engine-444818-p0",
            "queued_provisioning": [],
            "timeouts": null,
            "upgrade_settings": [
              {
                "blue_green_settings": [],
                "max_surge": 1,
                "max_unavailable": 0,
                "strategy": "SURGE"
              }
            ],
            "version": "1.30.6-gke.1125000"
          },
          "sensitive_attributes": [],
          "private": "eyJlMmJmYjczMC1lY2FhLTExZTYtOGY4OC0zNDM2M2JjN2M0YzAiOnsiY3JlYXRlIjoxODAwMDAwMDAwMDAwLCJkZWxldGUiOjE4MDAwMDAwMDAwMDAsInVwZGF0ZSI6MTgwMDAwMDAwMDAwMH0sInNjaGVtYV92ZXJzaW9uIjoiMSJ9",
          "dependencies": [
            "google_container_cluster.gke_cluster"
          ]
        }
      ]
    },
    {
      "mode": "managed",
      "type": "google_sql_database",
      "name": "db",
      "provider": "provider[\"registry.terraform.io/hashicorp/google\"]",
      "instances": [
        {
          "schema_version": 0,
          "attributes": {
            "charset": "utf8mb4",
            "collation": "utf8mb4_0900_ai_ci",
            "deletion_policy": "DELETE",
            "id": "projects/advance-engine-444818-p0/instances/mysql-instance/databases/mydatabase",
            "instance": "mysql-instance",
            "name": "mydatabase",
            "project": "advance-engine-444818-p0",
            "self_link": "https://sqladmin.googleapis.com/sql/v1beta4/projects/advance-engine-444818-p0/instances/mysql-instance/databases/mydatabase",
            "timeouts": null
          },
          "sensitive_attributes": [],
          "private": "eyJlMmJmYjczMC1lY2FhLTExZTYtOGY4OC0zNDM2M2JjN2M0YzAiOnsiY3JlYXRlIjoxMjAwMDAwMDAwMDAwLCJkZWxldGUiOjEyMDAwMDAwMDAwMDAsInVwZGF0ZSI6MTIwMDAwMDAwMDAwMH19",
          "dependencies": [
            "google_sql_database_instance.mysql_instance"
          ]
        }
      ]
    },
    {
      "mode": "managed",
      "type": "google_sql_database_instance",
      "name": "mysql_instance",
      "provider": "provider[\"registry.terraform.io/hashicorp/google\"]",
      "instances": [
        {
          "schema_version": 0,
          "attributes": {
            "available_maintenance_versions": [],
            "clone": [],
            "connection_name": "advance-engine-444818-p0:asia-northeast3:mysql-instance",
            "database_version": "MYSQL_8_0",
            "deletion_protection": true,
            "dns_name": "",
            "encryption_key_name": null,
            "first_ip_address": "34.64.195.124",
            "id": "mysql-instance",
            "instance_type": "CLOUD_SQL_INSTANCE",
            "ip_address": [
              {
                "ip_address": "34.64.195.124",
                "time_to_retire": "",
                "type": "PRIMARY"
              }
            ],
            "maintenance_version": "MYSQL_8_0_31.R20241020.02_00",
            "master_instance_name": "",
            "name": "mysql-instance",
            "private_ip_address": "",
            "project": "advance-engine-444818-p0",
            "psc_service_attachment_link": "",
            "public_ip_address": "34.64.195.124",
            "region": "asia-northeast3",
            "replica_configuration": [],
            "replica_names": [],
            "restore_backup_context": [],
            "root_password": null,
            "self_link": "https://sqladmin.googleapis.com/sql/v1beta4/projects/advance-engine-444818-p0/instances/mysql-instance",
            "server_ca_cert": [
              {
                "cert": "-----BEGIN CERTIFICATE-----\nMIIDfzCCAmegAwIBAgIBADANBgkqhkiG9w0BAQsFADB3MS0wKwYDVQQuEyRhYzYx\nOWE3Ni1kOWY4LTQ5NzYtYjRkMi1iOGM3ZmRjOGYyNTUxIzAhBgNVBAMTGkdvb2ds\nZSBDbG91ZCBTUUwgU2VydmVyIENBMRQwEgYDVQQKEwtHb29nbGUsIEluYzELMAkG\nA1UEBhMCVVMwHhcNMjQxMjE2MTAyODUzWhcNMzQxMjE0MTAyOTUzWjB3MS0wKwYD\nVQQuEyRhYzYxOWE3Ni1kOWY4LTQ5NzYtYjRkMi1iOGM3ZmRjOGYyNTUxIzAhBgNV\nBAMTGkdvb2dsZSBDbG91ZCBTUUwgU2VydmVyIENBMRQwEgYDVQQKEwtHb29nbGUs\nIEluYzELMAkGA1UEBhMCVVMwggEiMA0GCSqGSIb3DQEBAQUAA4IBDwAwggEKAoIB\nAQCUcwT7Pvb7tgRhWlhyaJw8E/PBUSAE6VLR+Zmq8p7TNaObTNKzosmAr1TG95jx\n4uqplGIRX8NmJZsatqsqE7zP49alhTz/dmpy16dnVsIihz9DE5FPMdMPi3WWfdSl\n130XsBYnu9irKMkNoxIt88LkL+waK2MEatGCfEmeEkVsYFjxah3RawG1fsQwiS8n\nlUE2lu4vg6271ycJKTSVuKiMg4E1ykUPVIww+R/8JSYuGAU5KwcuzS24WX3liYBU\n15pPAgegRZHSZQSeP3D+O/vIOH48WV0+lHMEbGJ+Z6DEVSqsqvd2276Rwo8EdhRX\nX5Be/X+wN4xdnuE2b+uLm0uhAgMBAAGjFjAUMBIGA1UdEwEB/wQIMAYBAf8CAQAw\nDQYJKoZIhvcNAQELBQADggEBAFnKcVmGUndwf1Bz+rGVgNqP6M3u1NS3+EQJ+0S2\nqHs0WOZs8unsKbXETTuFr902NCTOMPMHhkiINvN+71mDcgGXvmqVodc/P/HTHl1Q\nJFB09phRIeFgu3hn7dZLHhBxrLwabUgbV6L6RvgdHmLpF6p+kyc3+65ASClx3Dah\nAE0p6g2tGV5/TXgWeV/bft5xZWMVJNQX+OwhkIrJuoJay9uVsEx0pdZMLhOcoK2W\nDxO66EHQP+cvkIc5Qs4NwYFd/ssDk35eCRWEYFIodBgvCptmhNzsQcnSegS1oeIB\nv9eFt2fZ1a695sZ+zBh9tW9GIWOzO5HxRN0gi5R3oiCkyq0=\n-----END CERTIFICATE-----",
                "common_name": "C=US,O=Google\\, Inc,CN=Google Cloud SQL Server CA,dnQualifier=ac619a76-d9f8-4976-b4d2-b8c7fdc8f255",
                "create_time": "2024-12-16T10:28:53.043Z",
                "expiration_time": "2034-12-14T10:29:53.043Z",
                "sha1_fingerprint": "0250b607edbdac2fc517b567af502c291ad4f865"
              }
            ],
            "service_account_email_address": "p742103802757-4h9yyu@gcp-sa-cloud-sql.iam.gserviceaccount.com",
            "settings": [
              {
                "activation_policy": "ALWAYS",
                "active_directory_config": [],
                "advanced_machine_features": [],
                "availability_type": "ZONAL",
                "backup_configuration": [
                  {
                    "backup_retention_settings": [
                      {
                        "retained_backups": 7,
                        "retention_unit": "COUNT"
                      }
                    ],
                    "binary_log_enabled": false,
                    "enabled": false,
                    "location": "",
                    "point_in_time_recovery_enabled": false,
                    "start_time": "15:00",
                    "transaction_log_retention_days": 7
                  }
                ],
                "collation": "",
                "connector_enforcement": "NOT_REQUIRED",
                "data_cache_config": [],
                "database_flags": [],
                "deletion_protection_enabled": false,
                "deny_maintenance_period": [],
                "disk_autoresize": true,
                "disk_autoresize_limit": 0,
                "disk_size": 10,
                "disk_type": "PD_SSD",
                "edition": "ENTERPRISE",
                "enable_dataplex_integration": false,
                "enable_google_ml_integration": false,
                "insights_config": [],
                "ip_configuration": [
                  {
                    "allocated_ip_range": "",
                    "authorized_networks": [],
                    "enable_private_path_for_google_cloud_services": false,
                    "ipv4_enabled": true,
                    "private_network": "",
                    "psc_config": [],
                    "server_ca_mode": "GOOGLE_MANAGED_INTERNAL_CA",
                    "ssl_mode": "ALLOW_UNENCRYPTED_AND_ENCRYPTED"
                  }
                ],
                "location_preference": [
                  {
                    "follow_gae_application": "",
                    "secondary_zone": "",
                    "zone": "asia-northeast3-c"
                  }
                ],
                "maintenance_window": [],
                "password_validation_policy": [],
                "pricing_plan": "PER_USE",
                "sql_server_audit_config": [],
                "tier": "db-f1-micro",
                "time_zone": "",
                "user_labels": {},
                "version": 2
              }
            ],
            "timeouts": null
          },
          "sensitive_attributes": [
            [
              {
                "type": "get_attr",
                "value": "root_password"
              }
            ],
            [
              {
                "type": "get_attr",
                "value": "server_ca_cert"
              }
            ]
          ],
          "private": "eyJlMmJmYjczMC1lY2FhLTExZTYtOGY4OC0zNDM2M2JjN2M0YzAiOnsiY3JlYXRlIjo1NDAwMDAwMDAwMDAwLCJkZWxldGUiOjU0MDAwMDAwMDAwMDAsInVwZGF0ZSI6NTQwMDAwMDAwMDAwMH19"
        }
      ]
    },
    {
      "mode": "managed",
      "type": "google_sql_user",
      "name": "user",
      "provider": "provider[\"registry.terraform.io/hashicorp/google\"]",
      "instances": [
        {
          "schema_version": 1,
          "attributes": {
            "deletion_policy": null,
            "host": "",
            "id": "api_user//mysql-instance",
            "instance": "mysql-instance",
            "name": "api_user",
            "password": "password123",
            "password_policy": [],
            "project": "advance-engine-444818-p0",
            "sql_server_user_details": [],
            "timeouts": null,
            "type": ""
          },
          "sensitive_attributes": [
            [
              {
                "type": "get_attr",
                "value": "password"
              }
            ]
          ],
          "private": "eyJlMmJmYjczMC1lY2FhLTExZTYtOGY4OC0zNDM2M2JjN2M0YzAiOnsiY3JlYXRlIjo2MDAwMDAwMDAwMDAsImRlbGV0ZSI6NjAwMDAwMDAwMDAwLCJ1cGRhdGUiOjYwMDAwMDAwMDAwMH0sInNjaGVtYV92ZXJzaW9uIjoiMSJ9",
          "dependencies": [
            "google_sql_database_instance.mysql_instance"
          ]
        }
      ]
    }
  ],
  "check_results": null
}
